
Microsoft Visual Studio Solution File, Format Version 12.00
# Visual Studio 14
VisualStudioVersion = 14.0.25420.1
MinimumVisualStudioVersion = 10.0.40219.1
Project("{2150E333-8FDC-42A3-9474-1A3956D46DE8}") = "src", "src", "{66CE0F62-80F2-463F-A59B-1C3EFD487D2F}"
EndProject
Project("{FAE04EC0-301F-11D3-BF4B-00C04F79EFBC}") = "JoeDoe.Core", "JoeDoe.Core\JoeDoe.Core.csproj", "{4B0CE3D3-8BDE-4471-85B6-DE5DCD5EEAC3}"
EndProject
Project("{FAE04EC0-301F-11D3-BF4B-00C04F79EFBC}") = "JoeDoe.Console", "JoeDoe.Console\JoeDoe.Console.csproj", "{135E567C-3183-4E98-85ED-6F53AD381C3C}"
EndProject
Global
	GlobalSection(SolutionConfigurationPlatforms) = preSolution
		Debug|Any CPU = Debug|Any CPU
		Release|Any CPU = Release|Any CPU
	EndGlobalSection
	GlobalSection(ProjectConfigurationPlatforms) = postSolution
		{4B0CE3D3-8BDE-4471-85B6-DE5DCD5EEAC3}.Debug|Any CPU.ActiveCfg = Debug|Any CPU
		{4B0CE3D3-8BDE-4471-85B6-DE5DCD5EEAC3}.Debug|Any CPU.Build.0 = Debug|Any CPU
		{4B0CE3D3-8BDE-4471-85B6-DE5DCD5EEAC3}.Release|Any CPU.ActiveCfg = Release|Any CPU
		{4B0CE3D3-8BDE-4471-85B6-DE5DCD5EEAC3}.Release|Any CPU.Build.0 = Release|Any CPU
		{135E567C-3183-4E98-85ED-6F53AD381C3C}.Debug|Any CPU.ActiveCfg = Debug|Any CPU
		{135E567C-3183-4E98-85ED-6F53AD381C3C}.Debug|Any CPU.Build.0 = Debug|Any CPU
		{135E567C-3183-4E98-85ED-6F53AD381C3C}.Release|Any CPU.ActiveCfg = Release|Any CPU
		{135E567C-3183-4E98-85ED-6F53AD381C3C}.Release|Any CPU.Build.0 = Release|Any CPU
	EndGlobalSection
	GlobalSection(SolutionProperties) = preSolution
		HideSolutionNode = FALSE
	EndGlobalSection
	GlobalSection(NestedProjects) = preSolution
		{4B0CE3D3-8BDE-4471-85B6-DE5DCD5EEAC3} = {66CE0F62-80F2-463F-A59B-1C3EFD487D2F}
		{135E567C-3183-4E98-85ED-6F53AD381C3C} = {66CE0F62-80F2-463F-A59B-1C3EFD487D2F}
	EndGlobalSection
EndGlobal
